
Microsoft Visual Studio Solution File, Format Version 12.00
# Visual Studio 15
VisualStudioVersion = 15.0.28010.2041
MinimumVisualStudioVersion = 10.0.40219.1
Project("{FAE04EC0-301F-11D3-BF4B-00C04F79EFBC}") = "Szyfr homofoniczny", "Szyfr homofoniczny\Szyfr homofoniczny.csproj", "{95A995B2-2E45-477B-A304-F282A6E1106A}"
EndProject
Global
	GlobalSection(SolutionConfigurationPlatforms) = preSolution
		Debug|Any CPU = Debug|Any CPU
		Release|Any CPU = Release|Any CPU
	EndGlobalSection
	GlobalSection(ProjectConfigurationPlatforms) = postSolution
		{95A995B2-2E45-477B-A304-F282A6E1106A}.Debug|Any CPU.ActiveCfg = Release|Any CPU
		{95A995B2-2E45-477B-A304-F282A6E1106A}.Debug|Any CPU.Build.0 = Release|Any CPU
		{95A995B2-2E45-477B-A304-F282A6E1106A}.Release|Any CPU.ActiveCfg = Release|Any CPU
		{95A995B2-2E45-477B-A304-F282A6E1106A}.Release|Any CPU.Build.0 = Release|Any CPU
	EndGlobalSection
	GlobalSection(SolutionProperties) = preSolution
		HideSolutionNode = FALSE
	EndGlobalSection
	GlobalSection(ExtensibilityGlobals) = postSolution
		SolutionGuid = {ECF6003D-F618-4053-89B4-FA1CD09A9DDD}
	EndGlobalSection
EndGlobal
